Microsoft Visual Studio Solution File, Format Version 11.00
# Visual Studio 2008

Project("{5A7B4BD2-9E76-7919-6827-C83F4D703053}") = "RL2600", "Assembly-CSharp.csproj", "{23457877-624D-311A-EBCE-37EF3622354B}"
EndProject
Global
	GlobalSection(SolutionConfigurationPlatforms) = preSolution
		Debug|Any CPU = Debug|Any CPU
		Release|Any CPU = Release|Any CPU
	EndGlobalSection
	GlobalSection(ProjectConfigurationPlatforms) = postSolution
		{23457877-624D-311A-EBCE-37EF3622354B}.Debug|Any CPU.ActiveCfg = Debug|Any CPU
		{23457877-624D-311A-EBCE-37EF3622354B}.Debug|Any CPU.Build.0 = Debug|Any CPU
		{23457877-624D-311A-EBCE-37EF3622354B}.Release|Any CPU.ActiveCfg = Release|Any CPU
		{23457877-624D-311A-EBCE-37EF3622354B}.Release|Any CPU.Build.0 = Release|Any CPU
	EndGlobalSection
	GlobalSection(SolutionProperties) = preSolution
		HideSolutionNode = FALSE
	EndGlobalSection
	GlobalSection(MonoDevelopProperties) = preSolution
		StartupItem = Assembly-CSharp.csproj
	EndGlobalSection
EndGlobal
